
Microsoft Visual Studio Solution File, Format Version 12.00
# Visual Studio Version 17
VisualStudioVersion = 17.0.31717.71
MinimumVisualStudioVersion = 10.0.40219.1
Project("{FAE04EC0-301F-11D3-BF4B-00C04F79EFBC}") = "TiaAddIn-Spin", "TiaAddIn-Spin\TiaAddIn-Spin.csproj", "{00C536D1-31ED-4430-937F-336672A3B4C6}"
EndProject
Project("{FAE04EC0-301F-11D3-BF4B-00C04F79EFBC}") = "AddIn_V16", "AddIn_V16\AddIn_V16.csproj", "{8FE36490-894B-47CD-9EFB-313A4FEFDDFA}"
EndProject
Project("{FAE04EC0-301F-11D3-BF4B-00C04F79EFBC}") = "AddIn_V17", "AddIn_V17\AddIn_V17.csproj", "{79FA89D6-1540-4A65-9000-0F7CE8EE3496}"
EndProject
Project("{FAE04EC0-301F-11D3-BF4B-00C04F79EFBC}") = "AddIn_V18", "AddIn_V18\AddIn_V18.csproj", "{D676027C-BCB5-408D-A491-7FC23E3512EA}"
EndProject
Project("{FAE04EC0-301F-11D3-BF4B-00C04F79EFBC}") = "AddIn_V19", "AddIn_V19\AddIn_V19.csproj", "{5897618A-6BD1-4014-9F44-A84F1B2D1EC9}"
EndProject
Project("{9A19103F-16F7-4668-BE54-9A1E7A4F7556}") = "TiaUtilities", "TiaUtilities\TiaUtilities.csproj", "{9BDD4DBB-26F5-4D29-BE15-B830FB8DF258}"
EndProject
Project("{9A19103F-16F7-4668-BE54-9A1E7A4F7556}") = "SimaticML", "SimaticML\SimaticML.csproj", "{9B661768-8973-4223-A14B-152699BCBF78}"
EndProject
Project("{2150E333-8FDC-42A3-9474-1A3956D46DE8}") = "AddIn", "AddIn", "{AB5273D0-AC91-4472-B457-9AC9E98E6F0A}"
EndProject
Project("{2150E333-8FDC-42A3-9474-1A3956D46DE8}") = "Solution Items", "Solution Items", "{F9502F63-BC98-4AFA-B254-C1E8E64CABAF}"
	ProjectSection(SolutionItems) = preProject
		Resources.Designer.t4 = Resources.Designer.t4
	EndProjectSection
EndProject
Global
	GlobalSection(SolutionConfigurationPlatforms) = preSolution
		Debug|Any CPU = Debug|Any CPU
		Release|Any CPU = Release|Any CPU
		V16|Any CPU = V16|Any CPU
		V17|Any CPU = V17|Any CPU
		V18|Any CPU = V18|Any CPU
		V19|Any CPU = V19|Any CPU
	EndGlobalSection
	GlobalSection(ProjectConfigurationPlatforms) = postSolution
		{00C536D1-31ED-4430-937F-336672A3B4C6}.Debug|Any CPU.ActiveCfg = Debug|Any CPU
		{00C536D1-31ED-4430-937F-336672A3B4C6}.Release|Any CPU.ActiveCfg = Release|Any CPU
		{00C536D1-31ED-4430-937F-336672A3B4C6}.V16|Any CPU.ActiveCfg = Debug|Any CPU
		{00C536D1-31ED-4430-937F-336672A3B4C6}.V17|Any CPU.ActiveCfg = Debug|Any CPU
		{00C536D1-31ED-4430-937F-336672A3B4C6}.V18|Any CPU.ActiveCfg = Debug|Any CPU
		{00C536D1-31ED-4430-937F-336672A3B4C6}.V19|Any CPU.ActiveCfg = Debug|Any CPU
		{8FE36490-894B-47CD-9EFB-313A4FEFDDFA}.Debug|Any CPU.ActiveCfg = V16|Any CPU
		{8FE36490-894B-47CD-9EFB-313A4FEFDDFA}.Release|Any CPU.ActiveCfg = V16|Any CPU
		{8FE36490-894B-47CD-9EFB-313A4FEFDDFA}.V16|Any CPU.ActiveCfg = V16|Any CPU
		{8FE36490-894B-47CD-9EFB-313A4FEFDDFA}.V16|Any CPU.Build.0 = V16|Any CPU
		{8FE36490-894B-47CD-9EFB-313A4FEFDDFA}.V17|Any CPU.ActiveCfg = V16|Any CPU
		{8FE36490-894B-47CD-9EFB-313A4FEFDDFA}.V18|Any CPU.ActiveCfg = V16|Any CPU
		{8FE36490-894B-47CD-9EFB-313A4FEFDDFA}.V19|Any CPU.ActiveCfg = V16|Any CPU
		{79FA89D6-1540-4A65-9000-0F7CE8EE3496}.Debug|Any CPU.ActiveCfg = V17|Any CPU
		{79FA89D6-1540-4A65-9000-0F7CE8EE3496}.Release|Any CPU.ActiveCfg = V17|Any CPU
		{79FA89D6-1540-4A65-9000-0F7CE8EE3496}.V16|Any CPU.ActiveCfg = V17|Any CPU
		{79FA89D6-1540-4A65-9000-0F7CE8EE3496}.V17|Any CPU.ActiveCfg = V17|Any CPU
		{79FA89D6-1540-4A65-9000-0F7CE8EE3496}.V17|Any CPU.Build.0 = V17|Any CPU
		{79FA89D6-1540-4A65-9000-0F7CE8EE3496}.V18|Any CPU.ActiveCfg = V17|Any CPU
		{79FA89D6-1540-4A65-9000-0F7CE8EE3496}.V19|Any CPU.ActiveCfg = V17|Any CPU
		{D676027C-BCB5-408D-A491-7FC23E3512EA}.Debug|Any CPU.ActiveCfg = V18|Any CPU
		{D676027C-BCB5-408D-A491-7FC23E3512EA}.Release|Any CPU.ActiveCfg = V18|Any CPU
		{D676027C-BCB5-408D-A491-7FC23E3512EA}.V16|Any CPU.ActiveCfg = V18|Any CPU
		{D676027C-BCB5-408D-A491-7FC23E3512EA}.V17|Any CPU.ActiveCfg = V18|Any CPU
		{D676027C-BCB5-408D-A491-7FC23E3512EA}.V18|Any CPU.ActiveCfg = V18|Any CPU
		{D676027C-BCB5-408D-A491-7FC23E3512EA}.V18|Any CPU.Build.0 = V18|Any CPU
		{D676027C-BCB5-408D-A491-7FC23E3512EA}.V19|Any CPU.ActiveCfg = V18|Any CPU
		{5897618A-6BD1-4014-9F44-A84F1B2D1EC9}.Debug|Any CPU.ActiveCfg = V19|Any CPU
		{5897618A-6BD1-4014-9F44-A84F1B2D1EC9}.Release|Any CPU.ActiveCfg = V19|Any CPU
		{5897618A-6BD1-4014-9F44-A84F1B2D1EC9}.V16|Any CPU.ActiveCfg = V17|Any CPU
		{5897618A-6BD1-4014-9F44-A84F1B2D1EC9}.V17|Any CPU.ActiveCfg = V17|Any CPU
		{5897618A-6BD1-4014-9F44-A84F1B2D1EC9}.V18|Any CPU.ActiveCfg = V19|Any CPU
		{5897618A-6BD1-4014-9F44-A84F1B2D1EC9}.V19|Any CPU.ActiveCfg = V19|Any CPU
		{5897618A-6BD1-4014-9F44-A84F1B2D1EC9}.V19|Any CPU.Build.0 = V19|Any CPU
		{9BDD4DBB-26F5-4D29-BE15-B830FB8DF258}.Debug|Any CPU.ActiveCfg = Debug|Any CPU
		{9BDD4DBB-26F5-4D29-BE15-B830FB8DF258}.Debug|Any CPU.Build.0 = Debug|Any CPU
		{9BDD4DBB-26F5-4D29-BE15-B830FB8DF258}.Release|Any CPU.ActiveCfg = Release|Any CPU
		{9BDD4DBB-26F5-4D29-BE15-B830FB8DF258}.Release|Any CPU.Build.0 = Release|Any CPU
		{9BDD4DBB-26F5-4D29-BE15-B830FB8DF258}.V16|Any CPU.ActiveCfg = Debug|Any CPU
		{9BDD4DBB-26F5-4D29-BE15-B830FB8DF258}.V16|Any CPU.Build.0 = Debug|Any CPU
		{9BDD4DBB-26F5-4D29-BE15-B830FB8DF258}.V17|Any CPU.ActiveCfg = Debug|Any CPU
		{9BDD4DBB-26F5-4D29-BE15-B830FB8DF258}.V17|Any CPU.Build.0 = Debug|Any CPU
		{9BDD4DBB-26F5-4D29-BE15-B830FB8DF258}.V18|Any CPU.ActiveCfg = Debug|Any CPU
		{9BDD4DBB-26F5-4D29-BE15-B830FB8DF258}.V18|Any CPU.Build.0 = Debug|Any CPU
		{9BDD4DBB-26F5-4D29-BE15-B830FB8DF258}.V19|Any CPU.ActiveCfg = Debug|Any CPU
		{9BDD4DBB-26F5-4D29-BE15-B830FB8DF258}.V19|Any CPU.Build.0 = Debug|Any CPU
		{9B661768-8973-4223-A14B-152699BCBF78}.Debug|Any CPU.ActiveCfg = Debug|Any CPU
		{9B661768-8973-4223-A14B-152699BCBF78}.Debug|Any CPU.Build.0 = Debug|Any CPU
		{9B661768-8973-4223-A14B-152699BCBF78}.Release|Any CPU.ActiveCfg = Release|Any CPU
		{9B661768-8973-4223-A14B-152699BCBF78}.Release|Any CPU.Build.0 = Release|Any CPU
		{9B661768-8973-4223-A14B-152699BCBF78}.V16|Any CPU.ActiveCfg = Debug|Any CPU
		{9B661768-8973-4223-A14B-152699BCBF78}.V16|Any CPU.Build.0 = Debug|Any CPU
		{9B661768-8973-4223-A14B-152699BCBF78}.V17|Any CPU.ActiveCfg = Debug|Any CPU
		{9B661768-8973-4223-A14B-152699BCBF78}.V17|Any CPU.Build.0 = Debug|Any CPU
		{9B661768-8973-4223-A14B-152699BCBF78}.V18|Any CPU.ActiveCfg = Debug|Any CPU
		{9B661768-8973-4223-A14B-152699BCBF78}.V18|Any CPU.Build.0 = Debug|Any CPU
		{9B661768-8973-4223-A14B-152699BCBF78}.V19|Any CPU.ActiveCfg = Debug|Any CPU
		{9B661768-8973-4223-A14B-152699BCBF78}.V19|Any CPU.Build.0 = Debug|Any CPU
	EndGlobalSection
	GlobalSection(SolutionProperties) = preSolution
		HideSolutionNode = FALSE
	EndGlobalSection
	GlobalSection(NestedProjects) = preSolution
		{00C536D1-31ED-4430-937F-336672A3B4C6} = {AB5273D0-AC91-4472-B457-9AC9E98E6F0A}
		{8FE36490-894B-47CD-9EFB-313A4FEFDDFA} = {AB5273D0-AC91-4472-B457-9AC9E98E6F0A}
		{79FA89D6-1540-4A65-9000-0F7CE8EE3496} = {AB5273D0-AC91-4472-B457-9AC9E98E6F0A}
		{D676027C-BCB5-408D-A491-7FC23E3512EA} = {AB5273D0-AC91-4472-B457-9AC9E98E6F0A}
		{5897618A-6BD1-4014-9F44-A84F1B2D1EC9} = {AB5273D0-AC91-4472-B457-9AC9E98E6F0A}
	EndGlobalSection
	GlobalSection(ExtensibilityGlobals) = postSolution
		SolutionGuid = {42CFEC96-5CD5-4D0B-AC55-A51008E0E2D3}
	EndGlobalSection
EndGlobal
